// !$*UTF8*$!
{
	archiveVersion = 1;
	classes = {
	};
	objectVersion = 77;
	objects = {

/* Begin PBXBuildFile section */
		0E3B4E0EC2BF168382CAF9CC /* LiveSocketTests.swift in Sources */ = {isa = PBXBuildFile; fileRef = DDC44CE65D66A856871B199B /* LiveSocketTests.swift */; };
		1D296BAA4B6255D52881EAC6 /* AggregateSymbolTests.swift in Sources */ = {isa = PBXBuildFile; fileRef = 47364201796A398ADD620CFB /* AggregateSymbolTests.swift */; };
		30399B0FE8BDE0A0DC8F778C /* event_pane_created.json in Resources */ = {isa = PBXBuildFile; fileRef = BA69565B4F28E11794273591 /* event_pane_created.json */; };
		34EE7E221A386567359CBBCB /* WireDecodeTests.swift in Sources */ = {isa = PBXBuildFile; fileRef = E236570E5D196A79AB91DE45 /* WireDecodeTests.swift */; };
		5CB9129C37BDB8EBA81CA5DB /* SheepBellApp.swift in Sources */ = {isa = PBXBuildFile; fileRef = 5E8373C0E938BBABC19664A9 /* SheepBellApp.swift */; };
		61AC3A98102C0F47E23BB9BB /* LivePipelineTests.swift in Sources */ = {isa = PBXBuildFile; fileRef = 646554C3E7D4F0D43F4D4DED /* LivePipelineTests.swift */; };
		7BE84079FA106FE1F4915083 /* event_pane_updated.json in Resources */ = {isa = PBXBuildFile; fileRef = 74294372D2161DBF953F6382 /* event_pane_updated.json */; };
		7FF80FBBAF8F56D37D3D4808 /* StatusStyle.swift in Sources */ = {isa = PBXBuildFile; fileRef = 34F726F36767565F3AAFC905 /* StatusStyle.swift */; };
		89604ADDBD446BC8D3569B67 /* event_pane_agent_status_changed.json in Resources */ = {isa = PBXBuildFile; fileRef = 6CCA442923A45F0604029950 /* event_pane_agent_status_changed.json */; };
		8B71987C7B1CBD0C15FB0CA7 /* AgentItem.swift in Sources */ = {isa = PBXBuildFile; fileRef = 0F1D740819AE656B32714BC1 /* AgentItem.swift */; };
		921CC7A24F0354A641037713 /* SessionDiscovery.swift in Sources */ = {isa = PBXBuildFile; fileRef = 185ACA141BE1466A4FE6A1BD /* SessionDiscovery.swift */; };
		99326C3A513076C1FC67DFF2 /* HerdrSocket.swift in Sources */ = {isa = PBXBuildFile; fileRef = CE72A7C09E756707A2407EB2 /* HerdrSocket.swift */; };
		9B8D6E00426696B5CD90F7DD /* agent_list.json in Resources */ = {isa = PBXBuildFile; fileRef = E3ED4E719BEF480358A89EB8 /* agent_list.json */; };
		B2F52E8C945BD93F6F33F77E /* HerdrSessionClient.swift in Sources */ = {isa = PBXBuildFile; fileRef = F5494D634138A151297E1922 /* HerdrSessionClient.swift */; };
		B379A56A61281AC360C29BF9 /* HerdrWire.swift in Sources */ = {isa = PBXBuildFile; fileRef = 4F51C766224360980BF75887 /* HerdrWire.swift */; };
		B901633F4C5B2F60D2B3CBAE /* MenuView.swift in Sources */ = {isa = PBXBuildFile; fileRef = AA8BB55566307CA4ABF46ADC /* MenuView.swift */; };
		CAFA474ABEF3D599187B5513 /* SettingsView.swift in Sources */ = {isa = PBXBuildFile; fileRef = 9B58E3F43EAD0F02DEE18E95 /* SettingsView.swift */; };
		D7073F545C523E1E412B31AB /* session_snapshot.json in Resources */ = {isa = PBXBuildFile; fileRef = AA3D71B9D292B3B2F1FED543 /* session_snapshot.json */; };
		DA4D7D70B0A4EB342879CC2D /* ping.json in Resources */ = {isa = PBXBuildFile; fileRef = 4452907CB8C12EC948B2D842 /* ping.json */; };
		DBE393284CAED74C7D21DB9D /* LoginItem.swift in Sources */ = {isa = PBXBuildFile; fileRef = B9E1875727EEB76FB11CD003 /* LoginItem.swift */; };
		DD47725E27034CA83536533A /* subscription_started.json in Resources */ = {isa = PBXBuildFile; fileRef = 6955B2F1401185600E19DE39 /* subscription_started.json */; };
		F7B8E988A85A35768BCCA5A4 /* HerdrStore.swift in Sources */ = {isa = PBXBuildFile; fileRef = CDF16D7B91C0556486E927F2 /* HerdrStore.swift */; };
		F89E8659C497392978834A34 /* JSONValue.swift in Sources */ = {isa = PBXBuildFile; fileRef = 4F4B76C9CA286392667461B9 /* JSONValue.swift */; };
		FDB1EDB3DB11457480550416 /* ResilienceTests.swift in Sources */ = {isa = PBXBuildFile; fileRef = A040ADBB65D7503BAE40A934 /* ResilienceTests.swift */; };
		FEA4E17FA4B64D3161583867 /* Assets.xcassets in Resources */ = {isa = PBXBuildFile; fileRef = B6B61C70FA4959DDFACA3E71 /* Assets.xcassets */; };
		FEB6F6A52ADE981CF6E32CF4 /* Notifier.swift in Sources */ = {isa = PBXBuildFile; fileRef = D7DD7E4969E922077E23C871 /* Notifier.swift */; };
		FF2CE845E45A89427A4CE4EC /* FakeHerdrServer.swift in Sources */ = {isa = PBXBuildFile; fileRef = 16A9338CD746ADAD9F9C1EEC /* FakeHerdrServer.swift */; };
/* End PBXBuildFile section */

/* Begin PBXContainerItemProxy section */
		C4D37BC531317958CB535D9E /* PBXContainerItemProxy */ = {
			isa = PBXContainerItemProxy;
			containerPortal = 03558CEC0C3F5B1D72537A11 /* Project object */;
			proxyType = 1;
			remoteGlobalIDString = 05FFC8F082E21FECCAC95A62;
			remoteInfo = SheepBell;
		};
/* End PBXContainerItemProxy section */

/* Begin PBXFileReference section */
		0F1D740819AE656B32714BC1 /* AgentItem.swift */ = {isa = PBXFileReference; lastKnownFileType = sourcecode.swift; path = AgentItem.swift; sourceTree = "<group>"; };
		16A9338CD746ADAD9F9C1EEC /* FakeHerdrServer.swift */ = {isa = PBXFileReference; lastKnownFileType = sourcecode.swift; path = FakeHerdrServer.swift; sourceTree = "<group>"; };
		185ACA141BE1466A4FE6A1BD /* SessionDiscovery.swift */ = {isa = PBXFileReference; lastKnownFileType = sourcecode.swift; path = SessionDiscovery.swift; sourceTree = "<group>"; };
		1DAD31D7F72975A3E1BE36DB /* Info.plist */ = {isa = PBXFileReference; lastKnownFileType = text.plist; path = Info.plist; sourceTree = "<group>"; };
		34F726F36767565F3AAFC905 /* StatusStyle.swift */ = {isa = PBXFileReference; lastKnownFileType = sourcecode.swift; path = StatusStyle.swift; sourceTree = "<group>"; };
		4452907CB8C12EC948B2D842 /* ping.json */ = {isa = PBXFileReference; lastKnownFileType = text.json; path = ping.json; sourceTree = "<group>"; };
		47364201796A398ADD620CFB /* AggregateSymbolTests.swift */ = {isa = PBXFileReference; lastKnownFileType = sourcecode.swift; path = AggregateSymbolTests.swift; sourceTree = "<group>"; };
		4F4B76C9CA286392667461B9 /* JSONValue.swift */ = {isa = PBXFileReference; lastKnownFileType = sourcecode.swift; path = JSONValue.swift; sourceTree = "<group>"; };
		4F51C766224360980BF75887 /* HerdrWire.swift */ = {isa = PBXFileReference; lastKnownFileType = sourcecode.swift; path = HerdrWire.swift; sourceTree = "<group>"; };
		5E8373C0E938BBABC19664A9 /* SheepBellApp.swift */ = {isa = PBXFileReference; lastKnownFileType = sourcecode.swift; path = SheepBellApp.swift; sourceTree = "<group>"; };
		646554C3E7D4F0D43F4D4DED /* LivePipelineTests.swift */ = {isa = PBXFileReference; lastKnownFileType = sourcecode.swift; path = LivePipelineTests.swift; sourceTree = "<group>"; };
		6955B2F1401185600E19DE39 /* subscription_started.json */ = {isa = PBXFileReference; lastKnownFileType = text.json; path = subscription_started.json; sourceTree = "<group>"; };
		6CCA442923A45F0604029950 /* event_pane_agent_status_changed.json */ = {isa = PBXFileReference; lastKnownFileType = text.json; path = event_pane_agent_status_changed.json; sourceTree = "<group>"; };
		74294372D2161DBF953F6382 /* event_pane_updated.json */ = {isa = PBXFileReference; lastKnownFileType = text.json; path = event_pane_updated.json; sourceTree = "<group>"; };
		87936621C20E3C4CC00B5D5F /* SheepBell.app */ = {isa = PBXFileReference; explicitFileType = wrapper.application; includeInIndex = 0; path = SheepBell.app; sourceTree = BUILT_PRODUCTS_DIR; };
		982B609022FFC68AB076801D /* SheepBellTests.xctest */ = {isa = PBXFileReference; explicitFileType = wrapper.cfbundle; includeInIndex = 0; path = SheepBellTests.xctest; sourceTree = BUILT_PRODUCTS_DIR; };
		9B58E3F43EAD0F02DEE18E95 /* SettingsView.swift */ = {isa = PBXFileReference; lastKnownFileType = sourcecode.swift; path = SettingsView.swift; sourceTree = "<group>"; };
		A040ADBB65D7503BAE40A934 /* ResilienceTests.swift */ = {isa = PBXFileReference; lastKnownFileType = sourcecode.swift; path = ResilienceTests.swift; sourceTree = "<group>"; };
		AA3D71B9D292B3B2F1FED543 /* session_snapshot.json */ = {isa = PBXFileReference; lastKnownFileType = text.json; path = session_snapshot.json; sourceTree = "<group>"; };
		AA8BB55566307CA4ABF46ADC /* MenuView.swift */ = {isa = PBXFileReference; lastKnownFileType = sourcecode.swift; path = MenuView.swift; sourceTree = "<group>"; };
		B6B61C70FA4959DDFACA3E71 /* Assets.xcassets */ = {isa = PBXFileReference; lastKnownFileType = folder.assetcatalog; path = Assets.xcassets; sourceTree = "<group>"; };
		B9E1875727EEB76FB11CD003 /* LoginItem.swift */ = {isa = PBXFileReference; lastKnownFileType = sourcecode.swift; path = LoginItem.swift; sourceTree = "<group>"; };
		BA69565B4F28E11794273591 /* event_pane_created.json */ = {isa = PBXFileReference; lastKnownFileType = text.json; path = event_pane_created.json; sourceTree = "<group>"; };
		CDF16D7B91C0556486E927F2 /* HerdrStore.swift */ = {isa = PBXFileReference; lastKnownFileType = sourcecode.swift; path = HerdrStore.swift; sourceTree = "<group>"; };
		CE72A7C09E756707A2407EB2 /* HerdrSocket.swift */ = {isa = PBXFileReference; lastKnownFileType = sourcecode.swift; path = HerdrSocket.swift; sourceTree = "<group>"; };
		D7DD7E4969E922077E23C871 /* Notifier.swift */ = {isa = PBXFileReference; lastKnownFileType = sourcecode.swift; path = Notifier.swift; sourceTree = "<group>"; };
		DDC44CE65D66A856871B199B /* LiveSocketTests.swift */ = {isa = PBXFileReference; lastKnownFileType = sourcecode.swift; path = LiveSocketTests.swift; sourceTree = "<group>"; };
		E236570E5D196A79AB91DE45 /* WireDecodeTests.swift */ = {isa = PBXFileReference; lastKnownFileType = sourcecode.swift; path = WireDecodeTests.swift; sourceTree = "<group>"; };
		E3ED4E719BEF480358A89EB8 /* agent_list.json */ = {isa = PBXFileReference; lastKnownFileType = text.json; path = agent_list.json; sourceTree = "<group>"; };
		F5494D634138A151297E1922 /* HerdrSessionClient.swift */ = {isa = PBXFileReference; lastKnownFileType = sourcecode.swift; path = HerdrSessionClient.swift; sourceTree = "<group>"; };
/* End PBXFileReference section */

/* Begin PBXGroup section */
		01E09448A8F29985AA487BF6 /* App */ = {
			isa = PBXGroup;
			children = (
				5E8373C0E938BBABC19664A9 /* SheepBellApp.swift */,
			);
			path = App;
			sourceTree = "<group>";
		};
		0891F181A59C4E1B8FE1D9CA = {
			isa = PBXGroup;
			children = (
				6FC1FF814BC7DB32D96322D1 /* Sources */,
				663D459F55B719160A3ECC21 /* Tests */,
				81ACFDD2DE4D5FE7C5B50EE6 /* Products */,
			);
			sourceTree = "<group>";
		};
		1092DA69D42C2D3F9FDB1BB7 /* Features */ = {
			isa = PBXGroup;
			children = (
				B9E1875727EEB76FB11CD003 /* LoginItem.swift */,
				D7DD7E4969E922077E23C871 /* Notifier.swift */,
				9B58E3F43EAD0F02DEE18E95 /* SettingsView.swift */,
				34F726F36767565F3AAFC905 /* StatusStyle.swift */,
				51A89B42103E3F1524AA9F0E /* Menu */,
			);
			path = Features;
			sourceTree = "<group>";
		};
		1BD6E3CD2EF1B588194D8BEE /* Resources */ = {
			isa = PBXGroup;
			children = (
				B6B61C70FA4959DDFACA3E71 /* Assets.xcassets */,
			);
			path = Resources;
			sourceTree = "<group>";
		};
		26D64C78348842D3C7F5C632 /* Fixtures */ = {
			isa = PBXGroup;
			children = (
				E3ED4E719BEF480358A89EB8 /* agent_list.json */,
				6CCA442923A45F0604029950 /* event_pane_agent_status_changed.json */,
				BA69565B4F28E11794273591 /* event_pane_created.json */,
				74294372D2161DBF953F6382 /* event_pane_updated.json */,
				4452907CB8C12EC948B2D842 /* ping.json */,
				AA3D71B9D292B3B2F1FED543 /* session_snapshot.json */,
				6955B2F1401185600E19DE39 /* subscription_started.json */,
			);
			path = Fixtures;
			sourceTree = "<group>";
		};
		295359DE70523B7C1D7B069E /* Core */ = {
			isa = PBXGroup;
			children = (
				0F1D740819AE656B32714BC1 /* AgentItem.swift */,
				F5494D634138A151297E1922 /* HerdrSessionClient.swift */,
				CE72A7C09E756707A2407EB2 /* HerdrSocket.swift */,
				CDF16D7B91C0556486E927F2 /* HerdrStore.swift */,
				4F51C766224360980BF75887 /* HerdrWire.swift */,
				4F4B76C9CA286392667461B9 /* JSONValue.swift */,
				185ACA141BE1466A4FE6A1BD /* SessionDiscovery.swift */,
			);
			path = Core;
			sourceTree = "<group>";
		};
		51A89B42103E3F1524AA9F0E /* Menu */ = {
			isa = PBXGroup;
			children = (
				AA8BB55566307CA4ABF46ADC /* MenuView.swift */,
			);
			path = Menu;
			sourceTree = "<group>";
		};
		663D459F55B719160A3ECC21 /* Tests */ = {
			isa = PBXGroup;
			children = (
				47364201796A398ADD620CFB /* AggregateSymbolTests.swift */,
				16A9338CD746ADAD9F9C1EEC /* FakeHerdrServer.swift */,
				646554C3E7D4F0D43F4D4DED /* LivePipelineTests.swift */,
				DDC44CE65D66A856871B199B /* LiveSocketTests.swift */,
				A040ADBB65D7503BAE40A934 /* ResilienceTests.swift */,
				E236570E5D196A79AB91DE45 /* WireDecodeTests.swift */,
				26D64C78348842D3C7F5C632 /* Fixtures */,
			);
			path = Tests;
			sourceTree = "<group>";
		};
		6FC1FF814BC7DB32D96322D1 /* Sources */ = {
			isa = PBXGroup;
			children = (
				1DAD31D7F72975A3E1BE36DB /* Info.plist */,
				01E09448A8F29985AA487BF6 /* App */,
				295359DE70523B7C1D7B069E /* Core */,
				1092DA69D42C2D3F9FDB1BB7 /* Features */,
				1BD6E3CD2EF1B588194D8BEE /* Resources */,
			);
			path = Sources;
			sourceTree = "<group>";
		};
		81ACFDD2DE4D5FE7C5B50EE6 /* Products */ = {
			isa = PBXGroup;
			children = (
				87936621C20E3C4CC00B5D5F /* SheepBell.app */,
				982B609022FFC68AB076801D /* SheepBellTests.xctest */,
			);
			name = Products;
			sourceTree = "<group>";
		};
/* End PBXGroup section */

/* Begin PBXNativeTarget section */
		05FFC8F082E21FECCAC95A62 /* SheepBell */ = {
			isa = PBXNativeTarget;
			buildConfigurationList = 48C73F2909BB4FF9EB2CEF3C /* Build configuration list for PBXNativeTarget "SheepBell" */;
			buildPhases = (
				3FD3DDA109953B305B7D8ED9 /* Sources */,
				DC639BC9402EBDD384F99DCE /* Resources */,
			);
			buildRules = (
			);
			dependencies = (
			);
			name = SheepBell;
			packageProductDependencies = (
			);
			productName = SheepBell;
			productReference = 87936621C20E3C4CC00B5D5F /* SheepBell.app */;
			productType = "com.apple.product-type.application";
		};
		1F3AA81DB5D1CAFCD6731517 /* SheepBellTests */ = {
			isa = PBXNativeTarget;
			buildConfigurationList = CC91AC42F31096460A082D19 /* Build configuration list for PBXNativeTarget "SheepBellTests" */;
			buildPhases = (
				FEFD68591B90F31EC446EB0E /* Sources */,
				247C8A2D86E258218D32FC50 /* Resources */,
			);
			buildRules = (
			);
			dependencies = (
				1CEA1B11C7F63BF0A3C8B7F3 /* PBXTargetDependency */,
			);
			name = SheepBellTests;
			packageProductDependencies = (
			);
			productName = SheepBellTests;
			productReference = 982B609022FFC68AB076801D /* SheepBellTests.xctest */;
			productType = "com.apple.product-type.bundle.unit-test";
		};
/* End PBXNativeTarget section */

/* Begin PBXProject section */
		03558CEC0C3F5B1D72537A11 /* Project object */ = {
			isa = PBXProject;
			attributes = {
				BuildIndependentTargetsInParallel = YES;
				LastUpgradeCheck = 1430;
				TargetAttributes = {
					05FFC8F082E21FECCAC95A62 = {
						ProvisioningStyle = Automatic;
					};
				};
			};
			buildConfigurationList = C170DBBD901F0C46AA5BF0AC /* Build configuration list for PBXProject "SheepBell" */;
			developmentRegion = en;
			hasScannedForEncodings = 0;
			knownRegions = (
				Base,
				en,
			);
			mainGroup = 0891F181A59C4E1B8FE1D9CA;
			minimizedProjectReferenceProxies = 1;
			preferredProjectObjectVersion = 77;
			productRefGroup = 81ACFDD2DE4D5FE7C5B50EE6 /* Products */;
			projectDirPath = "";
			projectRoot = "";
			targets = (
				05FFC8F082E21FECCAC95A62 /* SheepBell */,
				1F3AA81DB5D1CAFCD6731517 /* SheepBellTests */,
			);
		};
/* End PBXProject section */

/* Begin PBXResourcesBuildPhase section */
		247C8A2D86E258218D32FC50 /* Resources */ = {
			isa = PBXResourcesBuildPhase;
			buildActionMask = 2147483647;
			files = (
				9B8D6E00426696B5CD90F7DD /* agent_list.json in Resources */,
				89604ADDBD446BC8D3569B67 /* event_pane_agent_status_changed.json in Resources */,
				30399B0FE8BDE0A0DC8F778C /* event_pane_created.json in Resources */,
				7BE84079FA106FE1F4915083 /* event_pane_updated.json in Resources */,
				DA4D7D70B0A4EB342879CC2D /* ping.json in Resources */,
				D7073F545C523E1E412B31AB /* session_snapshot.json in Resources */,
				DD47725E27034CA83536533A /* subscription_started.json in Resources */,
			);
			runOnlyForDeploymentPostprocessing = 0;
		};
		DC639BC9402EBDD384F99DCE /* Resources */ = {
			isa = PBXResourcesBuildPhase;
			buildActionMask = 2147483647;
			files = (
				FEA4E17FA4B64D3161583867 /* Assets.xcassets in Resources */,
			);
			runOnlyForDeploymentPostprocessing = 0;
		};
/* End PBXResourcesBuildPhase section */

/* Begin PBXSourcesBuildPhase section */
		3FD3DDA109953B305B7D8ED9 /* Sources */ = {
			isa = PBXSourcesBuildPhase;
			buildActionMask = 2147483647;
			files = (
				8B71987C7B1CBD0C15FB0CA7 /* AgentItem.swift in Sources */,
				B2F52E8C945BD93F6F33F77E /* HerdrSessionClient.swift in Sources */,
				99326C3A513076C1FC67DFF2 /* HerdrSocket.swift in Sources */,
				F7B8E988A85A35768BCCA5A4 /* HerdrStore.swift in Sources */,
				B379A56A61281AC360C29BF9 /* HerdrWire.swift in Sources */,
				F89E8659C497392978834A34 /* JSONValue.swift in Sources */,
				DBE393284CAED74C7D21DB9D /* LoginItem.swift in Sources */,
				B901633F4C5B2F60D2B3CBAE /* MenuView.swift in Sources */,
				FEB6F6A52ADE981CF6E32CF4 /* Notifier.swift in Sources */,
				921CC7A24F0354A641037713 /* SessionDiscovery.swift in Sources */,
				CAFA474ABEF3D599187B5513 /* SettingsView.swift in Sources */,
				5CB9129C37BDB8EBA81CA5DB /* SheepBellApp.swift in Sources */,
				7FF80FBBAF8F56D37D3D4808 /* StatusStyle.swift in Sources */,
			);
			runOnlyForDeploymentPostprocessing = 0;
		};
		FEFD68591B90F31EC446EB0E /* Sources */ = {
			isa = PBXSourcesBuildPhase;
			buildActionMask = 2147483647;
			files = (
				1D296BAA4B6255D52881EAC6 /* AggregateSymbolTests.swift in Sources */,
				FF2CE845E45A89427A4CE4EC /* FakeHerdrServer.swift in Sources */,
				61AC3A98102C0F47E23BB9BB /* LivePipelineTests.swift in Sources */,
				0E3B4E0EC2BF168382CAF9CC /* LiveSocketTests.swift in Sources */,
				FDB1EDB3DB11457480550416 /* ResilienceTests.swift in Sources */,
				34EE7E221A386567359CBBCB /* WireDecodeTests.swift in Sources */,
			);
			runOnlyForDeploymentPostprocessing = 0;
		};
/* End PBXSourcesBuildPhase section */

/* Begin PBXTargetDependency section */
		1CEA1B11C7F63BF0A3C8B7F3 /* PBXTargetDependency */ = {
			isa = PBXTargetDependency;
			target = 05FFC8F082E21FECCAC95A62 /* SheepBell */;
			targetProxy = C4D37BC531317958CB535D9E /* PBXContainerItemProxy */;
		};
/* End PBXTargetDependency section */

/* Begin XCBuildConfiguration section */
		15E24FA9ED2DF05FDCE56AD1 /* Release */ = {
			isa = XCBuildConfiguration;
			buildSettings = {
				BUNDLE_LOADER = "$(TEST_HOST)";
				COMBINE_HIDPI_IMAGES = YES;
				GENERATE_INFOPLIST_FILE = YES;
				LD_RUNPATH_SEARCH_PATHS = (
					"$(inherited)",
					"@executable_path/../Frameworks",
					"@loader_path/../Frameworks",
				);
				PRODUCT_BUNDLE_IDENTIFIER = dev.sheepbell.SheepBellTests;
				SDKROOT = macosx;
				TEST_HOST = "$(BUILT_PRODUCTS_DIR)/SheepBell.app/Contents/MacOS/SheepBell";
			};
			name = Release;
		};
		217A38C227927F4A3ACE68E0 /* Release */ = {
			isa = XCBuildConfiguration;
			buildSettings = {
				ALWAYS_SEARCH_USER_PATHS = NO;
				CLANG_ANALYZER_NONNULL = YES;
				CLANG_ANALYZER_NUMBER_OBJECT_CONVERSION = YES_AGGRESSIVE;
				CLANG_CXX_LANGUAGE_STANDARD = "gnu++14";
				CLANG_CXX_LIBRARY = "libc++";
				CLANG_ENABLE_MODULES = YES;
				CLANG_ENABLE_OBJC_ARC = YES;
				CLANG_ENABLE_OBJC_WEAK = YES;
				CLANG_WARN_BLOCK_CAPTURE_AUTORELEASING = YES;
				CLANG_WARN_BOOL_CONVERSION = YES;
				CLANG_WARN_COMMA = YES;
				CLANG_WARN_CONSTANT_CONVERSION = YES;
				CLANG_WARN_DEPRECATED_OBJC_IMPLEMENTATIONS = YES;
				CLANG_WARN_DIRECT_OBJC_ISA_USAGE = YES_ERROR;
				CLANG_WARN_DOCUMENTATION_COMMENTS = YES;
				CLANG_WARN_EMPTY_BODY = YES;
				CLANG_WARN_ENUM_CONVERSION = YES;
				CLANG_WARN_INFINITE_RECURSION = YES;
				CLANG_WARN_INT_CONVERSION = YES;
				CLANG_WARN_NON_LITERAL_NULL_CONVERSION = YES;
				CLANG_WARN_OBJC_IMPLICIT_RETAIN_SELF = YES;
				CLANG_WARN_OBJC_LITERAL_CONVERSION = YES;
				CLANG_WARN_OBJC_ROOT_CLASS = YES_ERROR;
				CLANG_WARN_QUOTED_INCLUDE_IN_FRAMEWORK_HEADER = YES;
				CLANG_WARN_RANGE_LOOP_ANALYSIS = YES;
				CLANG_WARN_STRICT_PROTOTYPES = YES;
				CLANG_WARN_SUSPICIOUS_MOVE = YES;
				CLANG_WARN_UNGUARDED_AVAILABILITY = YES_AGGRESSIVE;
				CLANG_WARN_UNREACHABLE_CODE = YES;
				CLANG_WARN__DUPLICATE_METHOD_MATCH = YES;
				COPY_PHASE_STRIP = NO;
				DEBUG_INFORMATION_FORMAT = "dwarf-with-dsym";
				ENABLE_NS_ASSERTIONS = NO;
				ENABLE_STRICT_OBJC_MSGSEND = YES;
				GCC_C_LANGUAGE_STANDARD = gnu11;
				GCC_NO_COMMON_BLOCKS = YES;
				GCC_WARN_64_TO_32_BIT_CONVERSION = YES;
				GCC_WARN_ABOUT_RETURN_TYPE = YES_ERROR;
				GCC_WARN_UNDECLARED_SELECTOR = YES;
				GCC_WARN_UNINITIALIZED_AUTOS = YES_AGGRESSIVE;
				GCC_WARN_UNUSED_FUNCTION = YES;
				GCC_WARN_UNUSED_VARIABLE = YES;
				MACOSX_DEPLOYMENT_TARGET = 15.0;
				MTL_ENABLE_DEBUG_INFO = NO;
				MTL_FAST_MATH = YES;
				PRODUCT_NAME = "$(TARGET_NAME)";
				SDKROOT = macosx;
				SWIFT_COMPILATION_MODE = wholemodule;
				SWIFT_OPTIMIZATION_LEVEL = "-O";
				SWIFT_STRICT_CONCURRENCY = complete;
				SWIFT_VERSION = 6.0;
			};
			name = Release;
		};
		23B70E3DEBECF8FD3B1FBAEA /* Debug */ = {
			isa = XCBuildConfiguration;
			buildSettings = {
				BUNDLE_LOADER = "$(TEST_HOST)";
				COMBINE_HIDPI_IMAGES = YES;
				GENERATE_INFOPLIST_FILE = YES;
				LD_RUNPATH_SEARCH_PATHS = (
					"$(inherited)",
					"@executable_path/../Frameworks",
					"@loader_path/../Frameworks",
				);
				PRODUCT_BUNDLE_IDENTIFIER = dev.sheepbell.SheepBellTests;
				SDKROOT = macosx;
				TEST_HOST = "$(BUILT_PRODUCTS_DIR)/SheepBell.app/Contents/MacOS/SheepBell";
			};
			name = Debug;
		};
		B42A899818BE25F84B68346A /* Release */ = {
			isa = XCBuildConfiguration;
			buildSettings = {
				ASSETCATALOG_COMPILER_APPICON_NAME = AppIcon;
				CODE_SIGN_STYLE = Automatic;
				COMBINE_HIDPI_IMAGES = YES;
				CURRENT_PROJECT_VERSION = 1;
				ENABLE_HARDENED_RUNTIME = YES;
				INFOPLIST_FILE = Sources/Info.plist;
				LD_RUNPATH_SEARCH_PATHS = (
					"$(inherited)",
					"@executable_path/../Frameworks",
				);
				MARKETING_VERSION = 0.2;
				PRODUCT_BUNDLE_IDENTIFIER = dev.sheepbell.SheepBell;
				SDKROOT = macosx;
			};
			name = Release;
		};
		B62A35D2AAE648293319DCCA /* Debug */ = {
			isa = XCBuildConfiguration;
			buildSettings = {
				ALWAYS_SEARCH_USER_PATHS = NO;
				CLANG_ANALYZER_NONNULL = YES;
				CLANG_ANALYZER_NUMBER_OBJECT_CONVERSION = YES_AGGRESSIVE;
				CLANG_CXX_LANGUAGE_STANDARD = "gnu++14";
				CLANG_CXX_LIBRARY = "libc++";
				CLANG_ENABLE_MODULES = YES;
				CLANG_ENABLE_OBJC_ARC = YES;
				CLANG_ENABLE_OBJC_WEAK = YES;
				CLANG_WARN_BLOCK_CAPTURE_AUTORELEASING = YES;
				CLANG_WARN_BOOL_CONVERSION = YES;
				CLANG_WARN_COMMA = YES;
				CLANG_WARN_CONSTANT_CONVERSION = YES;
				CLANG_WARN_DEPRECATED_OBJC_IMPLEMENTATIONS = YES;
				CLANG_WARN_DIRECT_OBJC_ISA_USAGE = YES_ERROR;
				CLANG_WARN_DOCUMENTATION_COMMENTS = YES;
				CLANG_WARN_EMPTY_BODY = YES;
				CLANG_WARN_ENUM_CONVERSION = YES;
				CLANG_WARN_INFINITE_RECURSION = YES;
				CLANG_WARN_INT_CONVERSION = YES;
				CLANG_WARN_NON_LITERAL_NULL_CONVERSION = YES;
				CLANG_WARN_OBJC_IMPLICIT_RETAIN_SELF = YES;
				CLANG_WARN_OBJC_LITERAL_CONVERSION = YES;
				CLANG_WARN_OBJC_ROOT_CLASS = YES_ERROR;
				CLANG_WARN_QUOTED_INCLUDE_IN_FRAMEWORK_HEADER = YES;
				CLANG_WARN_RANGE_LOOP_ANALYSIS = YES;
				CLANG_WARN_STRICT_PROTOTYPES = YES;
				CLANG_WARN_SUSPICIOUS_MOVE = YES;
				CLANG_WARN_UNGUARDED_AVAILABILITY = YES_AGGRESSIVE;
				CLANG_WARN_UNREACHABLE_CODE = YES;
				CLANG_WARN__DUPLICATE_METHOD_MATCH = YES;
				COPY_PHASE_STRIP = NO;
				DEBUG_INFORMATION_FORMAT = dwarf;
				ENABLE_STRICT_OBJC_MSGSEND = YES;
				ENABLE_TESTABILITY = YES;
				GCC_C_LANGUAGE_STANDARD = gnu11;
				GCC_DYNAMIC_NO_PIC = NO;
				GCC_NO_COMMON_BLOCKS = YES;
				GCC_OPTIMIZATION_LEVEL = 0;
				GCC_PREPROCESSOR_DEFINITIONS = (
					"$(inherited)",
					"DEBUG=1",
				);
				GCC_WARN_64_TO_32_BIT_CONVERSION = YES;
				GCC_WARN_ABOUT_RETURN_TYPE = YES_ERROR;
				GCC_WARN_UNDECLARED_SELECTOR = YES;
				GCC_WARN_UNINITIALIZED_AUTOS = YES_AGGRESSIVE;
				GCC_WARN_UNUSED_FUNCTION = YES;
				GCC_WARN_UNUSED_VARIABLE = YES;
				MACOSX_DEPLOYMENT_TARGET = 15.0;
				MTL_ENABLE_DEBUG_INFO = INCLUDE_SOURCE;
				MTL_FAST_MATH = YES;
				ONLY_ACTIVE_ARCH = YES;
				PRODUCT_NAME = "$(TARGET_NAME)";
				SDKROOT = macosx;
				SWIFT_ACTIVE_COMPILATION_CONDITIONS = DEBUG;
				SWIFT_OPTIMIZATION_LEVEL = "-Onone";
				SWIFT_STRICT_CONCURRENCY = complete;
				SWIFT_VERSION = 6.0;
			};
			name = Debug;
		};
		EEC887DC9F91523487ED0F17 /* Debug */ = {
			isa = XCBuildConfiguration;
			buildSettings = {
				ASSETCATALOG_COMPILER_APPICON_NAME = AppIcon;
				CODE_SIGN_STYLE = Automatic;
				COMBINE_HIDPI_IMAGES = YES;
				CURRENT_PROJECT_VERSION = 1;
				ENABLE_HARDENED_RUNTIME = YES;
				INFOPLIST_FILE = Sources/Info.plist;
				LD_RUNPATH_SEARCH_PATHS = (
					"$(inherited)",
					"@executable_path/../Frameworks",
				);
				MARKETING_VERSION = 0.2;
				PRODUCT_BUNDLE_IDENTIFIER = dev.sheepbell.SheepBell;
				SDKROOT = macosx;
			};
			name = Debug;
		};
/* End XCBuildConfiguration section */

/* Begin XCConfigurationList section */
		48C73F2909BB4FF9EB2CEF3C /* Build configuration list for PBXNativeTarget "SheepBell" */ = {
			isa = XCConfigurationList;
			buildConfigurations = (
				EEC887DC9F91523487ED0F17 /* Debug */,
				B42A899818BE25F84B68346A /* Release */,
			);
			defaultConfigurationIsVisible = 0;
			defaultConfigurationName = Debug;
		};
		C170DBBD901F0C46AA5BF0AC /* Build configuration list for PBXProject "SheepBell" */ = {
			isa = XCConfigurationList;
			buildConfigurations = (
				B62A35D2AAE648293319DCCA /* Debug */,
				217A38C227927F4A3ACE68E0 /* Release */,
			);
			defaultConfigurationIsVisible = 0;
			defaultConfigurationName = Debug;
		};
		CC91AC42F31096460A082D19 /* Build configuration list for PBXNativeTarget "SheepBellTests" */ = {
			isa = XCConfigurationList;
			buildConfigurations = (
				23B70E3DEBECF8FD3B1FBAEA /* Debug */,
				15E24FA9ED2DF05FDCE56AD1 /* Release */,
			);
			defaultConfigurationIsVisible = 0;
			defaultConfigurationName = Debug;
		};
/* End XCConfigurationList section */
	};
	rootObject = 03558CEC0C3F5B1D72537A11 /* Project object */;
}
